{
  "requires": true,
  "lockfileVersion": 1,
  "dependencies": {
    "@nivo/core": {
      "version": "0.74.0",
      "resolved": "https://registry.npmjs.org/@nivo/core/-/core-0.74.0.tgz",
      "integrity": "sha512-LZ3kN1PiEW0KU4PTBgaHFO757amyKZkEL4mKdAzvyNQtpq5idB3OhC/sYrBxhJaLqYcX19MgNfhIel/0KygHAg==",
      "requires": {
        "@nivo/recompose": "0.74.0",
        "@react-spring/web": "9.2.6",
        "d3-color": "^2.0.0",
        "d3-format": "^1.4.4",
        "d3-hierarchy": "^1.1.8",
        "d3-interpolate": "^2.0.1",
        "d3-scale": "^3.2.3",
        "d3-scale-chromatic": "^2.0.0",
        "d3-shape": "^1.3.5",
        "d3-time-format": "^3.0.0",
        "lodash": "^4.17.21",
        "resize-observer-polyfill": "^1.5.1"
      }
    },
    "@nivo/recompose": {
      "version": "0.74.0",
      "resolved": "https://registry.npmjs.org/@nivo/recompose/-/recompose-0.74.0.tgz",
      "integrity": "sha512-qC9gzGvDIxocrJoozDjqqffOwDpuEZijeMV59KExnztCwIpQbIYVBsDdpvL+tXfWausigSlnGILGfereXJTLUQ==",
      "requires": {
        "react-lifecycles-compat": "^3.0.4"
      }
    },
    "@react-spring/animated": {
      "version": "9.2.6",
      "resolved": "https://registry.npmjs.org/@react-spring/animated/-/animated-9.2.6.tgz",
      "integrity": "sha512-xjL6nmixYNDvnpTs1FFMsMfSC0tURwPCU3b2jWNriYGLfwZ7c/TcyaEZA7yiNnmdFnuR3f3Z27AqIgaFC083Cw==",
      "requires": {
        "@react-spring/shared": "~9.2.6-beta.0",
        "@react-spring/types": "~9.2.6-beta.0"
      }
    },
    "@react-spring/core": {
      "version": "9.2.6",
      "resolved": "https://registry.npmjs.org/@react-spring/core/-/core-9.2.6.tgz",
      "integrity": "sha512-uPHUxmu+w6mHJrfQTMtmGJ8iZEwiVxz9kH7dRyk69bkZJt9z+w0Oj3UF4J3VcECZsbm3HRhN2ogXSAaqGjwhQw==",
      "requires": {
        "@react-spring/animated": "~9.2.6-beta.0",
        "@react-spring/shared": "~9.2.6-beta.0",
        "@react-spring/types": "~9.2.6-beta.0"
      }
    },
    "@react-spring/rafz": {
      "version": "9.2.6",
      "resolved": "https://registry.npmjs.org/@react-spring/rafz/-/rafz-9.2.6.tgz",
      "integrity": "sha512-62SivLKEpo7EfHPkxO5J3g9Cr9LF6+1A1RVOMJhkcpEYtbdbmma/d63Xp8qpMPEpk7uuWxaTb6jjyxW33pW3sg=="
    },
    "@react-spring/shared": {
      "version": "9.2.6",
      "resolved": "https://registry.npmjs.org/@react-spring/shared/-/shared-9.2.6.tgz",
      "integrity": "sha512-Qrm9fopKG/RxZ3Rw+4euhrpnB3uXSyiON9skHbcBfmkkzagpkUR66MX1YLrhHw0UchcZuSDnXs0Lonzt1rpWag==",
      "requires": {
        "@react-spring/rafz": "~9.2.6-beta.0",
        "@react-spring/types": "~9.2.6-beta.0"
      }
    },
    "@react-spring/types": {
      "version": "9.2.6",
      "resolved": "https://registry.npmjs.org/@react-spring/types/-/types-9.2.6.tgz",
      "integrity": "sha512-l7mCw182DtDMnCI8CB9orgTAEoFZRtdQ6aS6YeEAqYcy3nQZPmPggIHH9DxyLw7n7vBPRSzu9gCvUMgXKpTflg=="
    },
    "@react-spring/web": {
      "version": "9.2.6",
      "resolved": "https://registry.npmjs.org/@react-spring/web/-/web-9.2.6.tgz",
      "integrity": "sha512-0HkRsEYR/CO3Uw46FWDWaF2wg2rUXcWE2R9AoZXthEYLUn5w9uE1mf2Jel7BxBxWGQ73owkqSQv+klA1Hb+ViQ==",
      "requires": {
        "@react-spring/animated": "~9.2.6-beta.0",
        "@react-spring/core": "~9.2.6-beta.0",
        "@react-spring/shared": "~9.2.6-beta.0",
        "@react-spring/types": "~9.2.6-beta.0"
      }
    },
    "d3-array": {
      "version": "2.12.1",
      "resolved": "https://registry.npmjs.org/d3-array/-/d3-array-2.12.1.tgz",
      "integrity": "sha512-B0ErZK/66mHtEsR1TkPEEkwdy+WDesimkM5gpZr5Dsg54BiTA5RXtYW5qTLIAcekaS9xfZrzBLF/OAkB3Qn1YQ==",
      "requires": {
        "internmap": "^1.0.0"
      }
    },
    "d3-color": {
      "version": "2.0.0",
      "resolved": "https://registry.npmjs.org/d3-color/-/d3-color-2.0.0.tgz",
      "integrity": "sha512-SPXi0TSKPD4g9tw0NMZFnR95XVgUZiBH+uUTqQuDu1OsE2zomHU7ho0FISciaPvosimixwHFl3WHLGabv6dDgQ=="
    },
    "d3-format": {
      "version": "1.4.5",
      "resolved": "https://registry.npmjs.org/d3-format/-/d3-format-1.4.5.tgz",
      "integrity": "sha512-J0piedu6Z8iB6TbIGfZgDzfXxUFN3qQRMofy2oPdXzQibYGqPB/9iMcxr/TGalU+2RsyDO+U4f33id8tbnSRMQ=="
    },
    "d3-hierarchy": {
      "version": "1.1.9",
      "resolved": "https://registry.npmjs.org/d3-hierarchy/-/d3-hierarchy-1.1.9.tgz",
      "integrity": "sha512-j8tPxlqh1srJHAtxfvOUwKNYJkQuBFdM1+JAUfq6xqH5eAqf93L7oG1NVqDa4CpFZNvnNKtCYEUC8KY9yEn9lQ=="
    },
    "d3-interpolate": {
      "version": "2.0.1",
      "resolved": "https://registry.npmjs.org/d3-interpolate/-/d3-interpolate-2.0.1.tgz",
      "integrity": "sha512-c5UhwwTs/yybcmTpAVqwSFl6vrQ8JZJoT5F7xNFK9pymv5C0Ymcc9/LIJHtYIggg/yS9YHw8i8O8tgb9pupjeQ==",
      "requires": {
        "d3-color": "1 - 2"
      }
    },
    "d3-path": {
      "version": "1.0.9",
      "resolved": "https://registry.npmjs.org/d3-path/-/d3-path-1.0.9.tgz",
      "integrity": "sha512-VLaYcn81dtHVTjEHd8B+pbe9yHWpXKZUC87PzoFmsFrJqgFwDe/qxfp5MlfsfM1V5E/iVt0MmEbWQ7FVIXh/bg=="
    },
    "d3-scale": {
      "version": "3.3.0",
      "resolved": "https://registry.npmjs.org/d3-scale/-/d3-scale-3.3.0.tgz",
      "integrity": "sha512-1JGp44NQCt5d1g+Yy+GeOnZP7xHo0ii8zsQp6PGzd+C1/dl0KGsp9A7Mxwp+1D1o4unbTTxVdU/ZOIEBoeZPbQ==",
      "requires": {
        "d3-array": "^2.3.0",
        "d3-format": "1 - 2",
        "d3-interpolate": "1.2.0 - 2",
        "d3-time": "^2.1.1",
        "d3-time-format": "2 - 3"
      }
    },
    "d3-scale-chromatic": {
      "version": "2.0.0",
      "resolved": "https://registry.npmjs.org/d3-scale-chromatic/-/d3-scale-chromatic-2.0.0.tgz",
      "integrity": "sha512-LLqy7dJSL8yDy7NRmf6xSlsFZ6zYvJ4BcWFE4zBrOPnQERv9zj24ohnXKRbyi9YHnYV+HN1oEO3iFK971/gkzA==",
      "requires": {
        "d3-color": "1 - 2",
        "d3-interpolate": "1 - 2"
      }
    },
    "d3-shape": {
      "version": "1.3.7",
      "resolved": "https://registry.npmjs.org/d3-shape/-/d3-shape-1.3.7.tgz",
      "integrity": "sha512-EUkvKjqPFUAZyOlhY5gzCxCeI0Aep04LwIRpsZ/mLFelJiUfnK56jo5JMDSE7yyP2kLSb6LtF+S5chMk7uqPqw==",
      "requires": {
        "d3-path": "1"
      }
    },
    "d3-time": {
      "version": "2.1.1",
      "resolved": "https://registry.npmjs.org/d3-time/-/d3-time-2.1.1.tgz",
      "integrity": "sha512-/eIQe/eR4kCQwq7yxi7z4c6qEXf2IYGcjoWB5OOQy4Tq9Uv39/947qlDcN2TLkiTzQWzvnsuYPB9TrWaNfipKQ==",
      "requires": {
        "d3-array": "2"
      }
    },
    "d3-time-format": {
      "version": "3.0.0",
      "resolved": "https://registry.npmjs.org/d3-time-format/-/d3-time-format-3.0.0.tgz",
      "integrity": "sha512-UXJh6EKsHBTjopVqZBhFysQcoXSv/5yLONZvkQ5Kk3qbwiUYkdX17Xa1PT6U1ZWXGGfB1ey5L8dKMlFq2DO0Ag==",
      "requires": {
        "d3-time": "1 - 2"
      }
    },
    "internmap": {
      "version": "1.0.1",
      "resolved": "https://registry.npmjs.org/internmap/-/internmap-1.0.1.tgz",
      "integrity": "sha512-lDB5YccMydFBtasVtxnZ3MRBHuaoE8GKsppq+EchKL2U4nK/DmEpPHNH8MZe5HkMtpSiTSOZwfN0tzYjO/lJEw=="
    },
    "lodash": {
      "version": "4.17.21",
      "resolved": "https://registry.npmjs.org/lodash/-/lodash-4.17.21.tgz",
      "integrity": "sha512-v2kDEe57lecTulaDIuNTPy3Ry4gLGJ6Z1O3vE1krgXZNrsQ+LFTGHVxVjcXPs17LhbZVGedAJv8XZ1tvj5FvSg=="
    },
    "react-lifecycles-compat": {
      "version": "3.0.4",
      "resolved": "https://registry.npmjs.org/react-lifecycles-compat/-/react-lifecycles-compat-3.0.4.tgz",
      "integrity": "sha512-fBASbA6LnOU9dOU2eW7aQ8xmYBSXUIWr+UmF9b1efZBazGNO+rcXT/icdKnYm2pTwcRylVUYwW7H1PHfLekVzA=="
    },
    "resize-observer-polyfill": {
      "version": "1.5.1",
      "resolved": "https://registry.npmjs.org/resize-observer-polyfill/-/resize-observer-polyfill-1.5.1.tgz",
      "integrity": "sha512-LwZrotdHOo12nQuZlHEmtuXdqGoOD0OhaxopaNFxWzInpEgaLWoVuAMbTzixuosCx2nEG58ngzW3vxdWoxIgdg=="
    }
  }
}
